
Microsoft Visual Studio Solution File, Format Version 12.00
# Visual Studio Version 17
VisualStudioVersion = 17.0.31912.275
MinimumVisualStudioVersion = 10.0.40219.1
Project("{9A19103F-16F7-4668-BE54-9A1E7A4F7556}") = "EPPlusSampleApp.Core", "EPPlusSampleApp.Core.csproj", "{68677B2E-EA58-4EA5-88CC-479E0B2B286C}"
EndProject
Global
	GlobalSection(SolutionConfigurationPlatforms) = preSolution
		Debug|Any CPU = Debug|Any CPU
		Release|Any CPU = Release|Any CPU
	EndGlobalSection
	GlobalSection(ProjectConfigurationPlatforms) = postSolution
		{68677B2E-EA58-4EA5-88CC-479E0B2B286C}.Debug|Any CPU.ActiveCfg = Debug|Any CPU
		{68677B2E-EA58-4EA5-88CC-479E0B2B286C}.Debug|Any CPU.Build.0 = Debug|Any CPU
		{68677B2E-EA58-4EA5-88CC-479E0B2B286C}.Release|Any CPU.ActiveCfg = Release|Any CPU
		{68677B2E-EA58-4EA5-88CC-479E0B2B286C}.Release|Any CPU.Build.0 = Release|Any CPU
	EndGlobalSection
	GlobalSection(SolutionProperties) = preSolution
		HideSolutionNode = FALSE
	EndGlobalSection
	GlobalSection(ExtensibilityGlobals) = postSolution
		SolutionGuid = {F5FB1DA3-0980-4CFE-9AF3-8303ED52F1FD}
	EndGlobalSection
EndGlobal
